
Microsoft Visual Studio Solution File, Format Version 12.00
# Visual Studio Version 17
VisualStudioVersion = 17.3.32811.315
MinimumVisualStudioVersion = 10.0.40219.1
Project("{FAE04EC0-301F-11D3-BF4B-00C04F79EFBC}") = "HeroesApp", "HeroesApp\HeroesApp.csproj", "{2D390B21-4A8F-4665-AE6A-68D9BEBCE726}"
EndProject
Project("{FAE04EC0-301F-11D3-BF4B-00C04F79EFBC}") = "HeroesApp.Data", "HeroesApp.Data\HeroesApp.Data.csproj", "{9E79C478-C155-4573-8F70-A0731A56A399}"
EndProject
Global
	GlobalSection(SolutionConfigurationPlatforms) = preSolution
		Debug|Any CPU = Debug|Any CPU
		Release|Any CPU = Release|Any CPU
	EndGlobalSection
	GlobalSection(ProjectConfigurationPlatforms) = postSolution
		{2D390B21-4A8F-4665-AE6A-68D9BEBCE726}.Debug|Any CPU.ActiveCfg = Debug|Any CPU
		{2D390B21-4A8F-4665-AE6A-68D9BEBCE726}.Debug|Any CPU.Build.0 = Debug|Any CPU
		{2D390B21-4A8F-4665-AE6A-68D9BEBCE726}.Release|Any CPU.ActiveCfg = Release|Any CPU
		{2D390B21-4A8F-4665-AE6A-68D9BEBCE726}.Release|Any CPU.Build.0 = Release|Any CPU
		{9E79C478-C155-4573-8F70-A0731A56A399}.Debug|Any CPU.ActiveCfg = Debug|Any CPU
		{9E79C478-C155-4573-8F70-A0731A56A399}.Debug|Any CPU.Build.0 = Debug|Any CPU
		{9E79C478-C155-4573-8F70-A0731A56A399}.Release|Any CPU.ActiveCfg = Release|Any CPU
		{9E79C478-C155-4573-8F70-A0731A56A399}.Release|Any CPU.Build.0 = Release|Any CPU
	EndGlobalSection
	GlobalSection(SolutionProperties) = preSolution
		HideSolutionNode = FALSE
	EndGlobalSection
	GlobalSection(ExtensibilityGlobals) = postSolution
		SolutionGuid = {0AA131F2-613E-4006-8F4F-DF2F72FD9347}
	EndGlobalSection
EndGlobal
